
Microsoft Visual Studio Solution File, Format Version 12.00
# Visual Studio Version 17
VisualStudioVersion = 17.11.35219.272
MinimumVisualStudioVersion = 10.0.40219.1
Project("{FAE04EC0-301F-11D3-BF4B-00C04F79EFBC}") = "WebApi-task1", "WebApi-task1\WebApi-task1.csproj", "{168A0BE5-8B40-42E7-BCE3-7F427146646E}"
EndProject
Global
	GlobalSection(SolutionConfigurationPlatforms) = preSolution
		Debug|Any CPU = Debug|Any CPU
		Release|Any CPU = Release|Any CPU
	EndGlobalSection
	GlobalSection(ProjectConfigurationPlatforms) = postSolution
		{168A0BE5-8B40-42E7-BCE3-7F427146646E}.Debug|Any CPU.ActiveCfg = Debug|Any CPU
		{168A0BE5-8B40-42E7-BCE3-7F427146646E}.Debug|Any CPU.Build.0 = Debug|Any CPU
		{168A0BE5-8B40-42E7-BCE3-7F427146646E}.Release|Any CPU.ActiveCfg = Release|Any CPU
		{168A0BE5-8B40-42E7-BCE3-7F427146646E}.Release|Any CPU.Build.0 = Release|Any CPU
	EndGlobalSection
	GlobalSection(SolutionProperties) = preSolution
		HideSolutionNode = FALSE
	EndGlobalSection
	GlobalSection(ExtensibilityGlobals) = postSolution
		SolutionGuid = {AD037C76-47B2-45AC-AF1C-E02A6DA7B21D}
	EndGlobalSection
EndGlobal
